
Microsoft Visual Studio Solution File, Format Version 12.00
# Visual Studio Version 17
VisualStudioVersion = 17.5.33530.505
MinimumVisualStudioVersion = 10.0.40219.1
Project("{2150E333-8FDC-42A3-9474-1A3956D46DE8}") = "Checkout", "Checkout", "{004BA6F4-D6E1-4975-9216-154DC7A2903D}"
EndProject
Project("{9A19103F-16F7-4668-BE54-9A1E7A4F7556}") = "EhCommerce.Checkout", "EhCommerce.Checkout\EhCommerce.Checkout.csproj", "{64FD7CC5-F1D4-4442-B964-0447107C8CB8}"
EndProject
Project("{9A19103F-16F7-4668-BE54-9A1E7A4F7556}") = "EhCommerce.Checkout.Application", "EhCommerce.Checkout.Application\EhCommerce.Checkout.Application.csproj", "{CBB1D05F-A5DA-4282-8D02-11834801F665}"
EndProject
Project("{9A19103F-16F7-4668-BE54-9A1E7A4F7556}") = "EhCommerce.Checkout.Data", "EhCommerce.Checkout.Data\EhCommerce.Checkout.Data.csproj", "{76D5C269-36B1-40A7-B996-9E691A6738AA}"
EndProject
Project("{2150E333-8FDC-42A3-9474-1A3956D46DE8}") = "Tests", "Tests", "{158523CC-439F-48DF-97D8-F92E8AB7C652}"
EndProject
Project("{9A19103F-16F7-4668-BE54-9A1E7A4F7556}") = "EhCommerce.UnitTests", "..\..\tests\EhCommerce.UnitTests\EhCommerce.UnitTests.csproj", "{313A7C09-1C9A-4A61-9A21-FEDD60D56FE4}"
EndProject
Project("{9A19103F-16F7-4668-BE54-9A1E7A4F7556}") = "EhCommerce.IntegrationTests", "..\..\tests\EhCommerce.IntegrationTests\EhCommerce.IntegrationTests.csproj", "{BED9CD38-CC7D-4048-A04B-F62AECFE8FAE}"
EndProject
Project("{2150E333-8FDC-42A3-9474-1A3956D46DE8}") = "Core", "Core", "{5940C1B8-307D-48CD-8D6C-148B082A9DB5}"
EndProject
Project("{FAE04EC0-301F-11D3-BF4B-00C04F79EFBC}") = "EhCommerce.Shared", "EhCommerce.Shared\EhCommerce.Shared.csproj", "{78BAE28C-BD81-4EF0-ADD9-1CE86C95D9F3}"
EndProject
Project("{FAE04EC0-301F-11D3-BF4B-00C04F79EFBC}") = "EhCommerce.Language", "EhCommerce.Language\EhCommerce.Language.csproj", "{AEB6BD49-8431-4251-A76D-2EC404D723E5}"
EndProject
Global
	GlobalSection(SolutionConfigurationPlatforms) = preSolution
		Debug|Any CPU = Debug|Any CPU
		Release|Any CPU = Release|Any CPU
	EndGlobalSection
	GlobalSection(ProjectConfigurationPlatforms) = postSolution
		{64FD7CC5-F1D4-4442-B964-0447107C8CB8}.Debug|Any CPU.ActiveCfg = Debug|Any CPU
		{64FD7CC5-F1D4-4442-B964-0447107C8CB8}.Debug|Any CPU.Build.0 = Debug|Any CPU
		{64FD7CC5-F1D4-4442-B964-0447107C8CB8}.Release|Any CPU.ActiveCfg = Release|Any CPU
		{64FD7CC5-F1D4-4442-B964-0447107C8CB8}.Release|Any CPU.Build.0 = Release|Any CPU
		{CBB1D05F-A5DA-4282-8D02-11834801F665}.Debug|Any CPU.ActiveCfg = Debug|Any CPU
		{CBB1D05F-A5DA-4282-8D02-11834801F665}.Debug|Any CPU.Build.0 = Debug|Any CPU
		{CBB1D05F-A5DA-4282-8D02-11834801F665}.Release|Any CPU.ActiveCfg = Release|Any CPU
		{CBB1D05F-A5DA-4282-8D02-11834801F665}.Release|Any CPU.Build.0 = Release|Any CPU
		{76D5C269-36B1-40A7-B996-9E691A6738AA}.Debug|Any CPU.ActiveCfg = Debug|Any CPU
		{76D5C269-36B1-40A7-B996-9E691A6738AA}.Debug|Any CPU.Build.0 = Debug|Any CPU
		{76D5C269-36B1-40A7-B996-9E691A6738AA}.Release|Any CPU.ActiveCfg = Release|Any CPU
		{76D5C269-36B1-40A7-B996-9E691A6738AA}.Release|Any CPU.Build.0 = Release|Any CPU
		{313A7C09-1C9A-4A61-9A21-FEDD60D56FE4}.Debug|Any CPU.ActiveCfg = Debug|Any CPU
		{313A7C09-1C9A-4A61-9A21-FEDD60D56FE4}.Debug|Any CPU.Build.0 = Debug|Any CPU
		{313A7C09-1C9A-4A61-9A21-FEDD60D56FE4}.Release|Any CPU.ActiveCfg = Release|Any CPU
		{313A7C09-1C9A-4A61-9A21-FEDD60D56FE4}.Release|Any CPU.Build.0 = Release|Any CPU
		{BED9CD38-CC7D-4048-A04B-F62AECFE8FAE}.Debug|Any CPU.ActiveCfg = Debug|Any CPU
		{BED9CD38-CC7D-4048-A04B-F62AECFE8FAE}.Debug|Any CPU.Build.0 = Debug|Any CPU
		{BED9CD38-CC7D-4048-A04B-F62AECFE8FAE}.Release|Any CPU.ActiveCfg = Release|Any CPU
		{BED9CD38-CC7D-4048-A04B-F62AECFE8FAE}.Release|Any CPU.Build.0 = Release|Any CPU
		{78BAE28C-BD81-4EF0-ADD9-1CE86C95D9F3}.Debug|Any CPU.ActiveCfg = Debug|Any CPU
		{78BAE28C-BD81-4EF0-ADD9-1CE86C95D9F3}.Debug|Any CPU.Build.0 = Debug|Any CPU
		{78BAE28C-BD81-4EF0-ADD9-1CE86C95D9F3}.Release|Any CPU.ActiveCfg = Release|Any CPU
		{78BAE28C-BD81-4EF0-ADD9-1CE86C95D9F3}.Release|Any CPU.Build.0 = Release|Any CPU
		{AEB6BD49-8431-4251-A76D-2EC404D723E5}.Debug|Any CPU.ActiveCfg = Debug|Any CPU
		{AEB6BD49-8431-4251-A76D-2EC404D723E5}.Debug|Any CPU.Build.0 = Debug|Any CPU
		{AEB6BD49-8431-4251-A76D-2EC404D723E5}.Release|Any CPU.ActiveCfg = Release|Any CPU
		{AEB6BD49-8431-4251-A76D-2EC404D723E5}.Release|Any CPU.Build.0 = Release|Any CPU
	EndGlobalSection
	GlobalSection(SolutionProperties) = preSolution
		HideSolutionNode = FALSE
	EndGlobalSection
	GlobalSection(NestedProjects) = preSolution
		{64FD7CC5-F1D4-4442-B964-0447107C8CB8} = {004BA6F4-D6E1-4975-9216-154DC7A2903D}
		{CBB1D05F-A5DA-4282-8D02-11834801F665} = {004BA6F4-D6E1-4975-9216-154DC7A2903D}
		{76D5C269-36B1-40A7-B996-9E691A6738AA} = {004BA6F4-D6E1-4975-9216-154DC7A2903D}
		{313A7C09-1C9A-4A61-9A21-FEDD60D56FE4} = {158523CC-439F-48DF-97D8-F92E8AB7C652}
		{BED9CD38-CC7D-4048-A04B-F62AECFE8FAE} = {158523CC-439F-48DF-97D8-F92E8AB7C652}
		{78BAE28C-BD81-4EF0-ADD9-1CE86C95D9F3} = {5940C1B8-307D-48CD-8D6C-148B082A9DB5}
		{AEB6BD49-8431-4251-A76D-2EC404D723E5} = {5940C1B8-307D-48CD-8D6C-148B082A9DB5}
	EndGlobalSection
	GlobalSection(ExtensibilityGlobals) = postSolution
		SolutionGuid = {DB8E9C3A-B363-4E5E-A585-4796F4739125}
	EndGlobalSection
EndGlobal
